
Microsoft Visual Studio Solution File, Format Version 12.00
# Visual Studio Version 16
VisualStudioVersion = 16.0.31205.134
MinimumVisualStudioVersion = 10.0.40219.1
Project("{8BC9CEB8-8B4A-11D0-8D11-00A0C91BC942}") = "matrix-multiplication", "matrix-multiplication.vcxproj", "{88F8284E-46A2-4C35-9C55-491A7FAFD4A5}"
EndProject
Global
	GlobalSection(SolutionConfigurationPlatforms) = preSolution
		Debug (Fast)|x64 = Debug (Fast)|x64
		Debug (Fast)|x86 = Debug (Fast)|x86
		Debug|x64 = Debug|x64
		Debug|x86 = Debug|x86
		Release|x64 = Release|x64
		Release|x86 = Release|x86
	EndGlobalSection
	GlobalSection(ProjectConfigurationPlatforms) = postSolution
		{88F8284E-46A2-4C35-9C55-491A7FAFD4A5}.Debug (Fast)|x64.ActiveCfg = Debug (Fast)|x64
		{88F8284E-46A2-4C35-9C55-491A7FAFD4A5}.Debug (Fast)|x64.Build.0 = Debug (Fast)|x64
		{88F8284E-46A2-4C35-9C55-491A7FAFD4A5}.Debug (Fast)|x86.ActiveCfg = Debug (Fast)|x64
		{88F8284E-46A2-4C35-9C55-491A7FAFD4A5}.Debug|x64.ActiveCfg = Debug|x64
		{88F8284E-46A2-4C35-9C55-491A7FAFD4A5}.Debug|x64.Build.0 = Debug|x64
		{88F8284E-46A2-4C35-9C55-491A7FAFD4A5}.Debug|x86.ActiveCfg = Debug|x64
		{88F8284E-46A2-4C35-9C55-491A7FAFD4A5}.Release|x64.ActiveCfg = Release|x64
		{88F8284E-46A2-4C35-9C55-491A7FAFD4A5}.Release|x64.Build.0 = Release|x64
		{88F8284E-46A2-4C35-9C55-491A7FAFD4A5}.Release|x86.ActiveCfg = Release|x64
	EndGlobalSection
	GlobalSection(SolutionProperties) = preSolution
		HideSolutionNode = FALSE
	EndGlobalSection
	GlobalSection(ExtensibilityGlobals) = postSolution
		SolutionGuid = {2FC8F63B-1D1B-459F-8D2D-79CA85990890}
	EndGlobalSection
EndGlobal
